Microsoft Visual Studio Solution File, Format Version 12.00
# Visual Studio 14
VisualStudioVersion = 14.0.25420.1
MinimumVisualStudioVersion = 10.0.40219.1
Project("{FAE04EC0-301F-11D3-BF4B-00C04F79EFBC}") = "Demo.Consumer.Client", "src\Demo.Consumer.Client\Demo.Consumer.Client.csproj", "{471704B7-4620-4059-9988-692116528A94}"
EndProject
Project("{FAE04EC0-301F-11D3-BF4B-00C04F79EFBC}") = "Demo.Consumer.Client.Test", "src\Demo.Consumer.Client.Test\Demo.Consumer.Client.Test.csproj", "{19F1DEBC-DE5E-4517-8062-F000CD499087}"
EndProject
Project("{FAE04EC0-301F-11D3-BF4B-00C04F79EFBC}") = "Application", "Application\Application.csproj", "{FE08354F-6F21-45F3-8AD1-3E9B818EA46D}"
EndProject
Global
	GlobalSection(SolutionConfigurationPlatforms) = preSolution
		Debug|Any CPU = Debug|Any CPU
		Release|Any CPU = Release|Any CPU
	EndGlobalSection
	GlobalSection(ProjectConfigurationPlatforms) = postSolution
		{471704B7-4620-4059-9988-692116528A94}.Debug|Any CPU.ActiveCfg = Debug|Any CPU
		{471704B7-4620-4059-9988-692116528A94}.Debug|Any CPU.Build.0 = Debug|Any CPU
		{471704B7-4620-4059-9988-692116528A94}.Release|Any CPU.ActiveCfg = Release|Any CPU
		{471704B7-4620-4059-9988-692116528A94}.Release|Any CPU.Build.0 = Release|Any CPU
		{19F1DEBC-DE5E-4517-8062-F000CD499087}.Debug|Any CPU.ActiveCfg = Debug|Any CPU
		{19F1DEBC-DE5E-4517-8062-F000CD499087}.Debug|Any CPU.Build.0 = Debug|Any CPU
		{19F1DEBC-DE5E-4517-8062-F000CD499087}.Release|Any CPU.ActiveCfg = Release|Any CPU
		{19F1DEBC-DE5E-4517-8062-F000CD499087}.Release|Any CPU.Build.0 = Release|Any CPU
		{FE08354F-6F21-45F3-8AD1-3E9B818EA46D}.Debug|Any CPU.ActiveCfg = Debug|Any CPU
		{FE08354F-6F21-45F3-8AD1-3E9B818EA46D}.Debug|Any CPU.Build.0 = Debug|Any CPU
		{FE08354F-6F21-45F3-8AD1-3E9B818EA46D}.Release|Any CPU.ActiveCfg = Release|Any CPU
		{FE08354F-6F21-45F3-8AD1-3E9B818EA46D}.Release|Any CPU.Build.0 = Release|Any CPU
	EndGlobalSection
	GlobalSection(SolutionProperties) = preSolution
		HideSolutionNode = FALSE
	EndGlobalSection
EndGlobal
